
Microsoft Visual Studio Solution File, Format Version 12.00
# Visual Studio Version 17
VisualStudioVersion = 17.9.34728.123
MinimumVisualStudioVersion = 10.0.40219.1
Project("{2150E333-8FDC-42A3-9474-1A3956D46DE8}") = "1.SQS", "1.SQS", "{E5E62621-E965-4AC0-9DCA-748547164788}"
EndProject
Project("{2150E333-8FDC-42A3-9474-1A3956D46DE8}") = "2.SNS", "2.SNS", "{18AF0282-C66F-4494-B337-C45AD418DD34}"
EndProject
Project("{2150E333-8FDC-42A3-9474-1A3956D46DE8}") = "3.DynamoDB", "3.DynamoDB", "{C4EE5372-B216-4218-84EE-498329A0F8C8}"
EndProject
Project("{2150E333-8FDC-42A3-9474-1A3956D46DE8}") = "4.S3", "4.S3", "{CB637242-1D87-415F-96D7-89AE627E8329}"
EndProject
Project("{2150E333-8FDC-42A3-9474-1A3956D46DE8}") = "5.SecretsManager", "5.SecretsManager", "{74EF788B-5603-4867-90AF-B4359DBEA941}"
EndProject
Project("{2150E333-8FDC-42A3-9474-1A3956D46DE8}") = "6.Lambda", "6.Lambda", "{F20F0B4E-4554-4B3F-AF69-5D0F941B66D5}"
EndProject
Project("{9A19103F-16F7-4668-BE54-9A1E7A4F7556}") = "SQSConsumer", "1.SQS\SQSConsumer\SQSConsumer.csproj", "{9508E7AF-81AA-4BC9-8139-4C6E43D3DD2A}"
EndProject
Project("{9A19103F-16F7-4668-BE54-9A1E7A4F7556}") = "SQSPublisher", "1.SQS\SQSPublisher\SQSPublisher.csproj", "{365F4D17-FDE0-4A93-B055-788A1553686C}"
EndProject
Project("{9A19103F-16F7-4668-BE54-9A1E7A4F7556}") = "SQSWebAPI.Consumer", "1.SQS\SQSWebAPI.Consumer\SQSWebAPI.Consumer.csproj", "{2F963695-C324-40CC-A94D-345B7EF11A7B}"
EndProject
Project("{9A19103F-16F7-4668-BE54-9A1E7A4F7556}") = "SQSWebAPI.Publisher", "1.SQS\SQSWebAPI.Publisher\SQSWebAPI.Publisher.csproj", "{F4ED434D-B19F-4D26-87AD-1F85EAEE2DD3}"
EndProject
Project("{2150E333-8FDC-42A3-9474-1A3956D46DE8}") = "7.RDS", "7.RDS", "{F9CAB160-136C-4836-B41A-C3FE823137AF}"
EndProject
Project("{FAE04EC0-301F-11D3-BF4B-00C04F79EFBC}") = "AWS-RDS", "7.RDS\AWS-RDS\AWS-RDS.csproj", "{DC7E8251-4A37-47B0-A66B-2C681D29253C}"
EndProject
Project("{FAE04EC0-301F-11D3-BF4B-00C04F79EFBC}") = "RDS-Data", "7.RDS\RDS-Data\RDS-Data.csproj", "{E3440C89-78E7-4E3C-93CC-86B2168AACBA}"
EndProject
Global
	GlobalSection(SolutionConfigurationPlatforms) = preSolution
		Debug|Any CPU = Debug|Any CPU
		Release|Any CPU = Release|Any CPU
	EndGlobalSection
	GlobalSection(ProjectConfigurationPlatforms) = postSolution
		{9508E7AF-81AA-4BC9-8139-4C6E43D3DD2A}.Debug|Any CPU.ActiveCfg = Debug|Any CPU
		{9508E7AF-81AA-4BC9-8139-4C6E43D3DD2A}.Debug|Any CPU.Build.0 = Debug|Any CPU
		{9508E7AF-81AA-4BC9-8139-4C6E43D3DD2A}.Release|Any CPU.ActiveCfg = Release|Any CPU
		{9508E7AF-81AA-4BC9-8139-4C6E43D3DD2A}.Release|Any CPU.Build.0 = Release|Any CPU
		{365F4D17-FDE0-4A93-B055-788A1553686C}.Debug|Any CPU.ActiveCfg = Debug|Any CPU
		{365F4D17-FDE0-4A93-B055-788A1553686C}.Debug|Any CPU.Build.0 = Debug|Any CPU
		{365F4D17-FDE0-4A93-B055-788A1553686C}.Release|Any CPU.ActiveCfg = Release|Any CPU
		{365F4D17-FDE0-4A93-B055-788A1553686C}.Release|Any CPU.Build.0 = Release|Any CPU
		{2F963695-C324-40CC-A94D-345B7EF11A7B}.Debug|Any CPU.ActiveCfg = Debug|Any CPU
		{2F963695-C324-40CC-A94D-345B7EF11A7B}.Debug|Any CPU.Build.0 = Debug|Any CPU
		{2F963695-C324-40CC-A94D-345B7EF11A7B}.Release|Any CPU.ActiveCfg = Release|Any CPU
		{2F963695-C324-40CC-A94D-345B7EF11A7B}.Release|Any CPU.Build.0 = Release|Any CPU
		{F4ED434D-B19F-4D26-87AD-1F85EAEE2DD3}.Debug|Any CPU.ActiveCfg = Debug|Any CPU
		{F4ED434D-B19F-4D26-87AD-1F85EAEE2DD3}.Debug|Any CPU.Build.0 = Debug|Any CPU
		{F4ED434D-B19F-4D26-87AD-1F85EAEE2DD3}.Release|Any CPU.ActiveCfg = Release|Any CPU
		{F4ED434D-B19F-4D26-87AD-1F85EAEE2DD3}.Release|Any CPU.Build.0 = Release|Any CPU
		{DC7E8251-4A37-47B0-A66B-2C681D29253C}.Debug|Any CPU.ActiveCfg = Debug|Any CPU
		{DC7E8251-4A37-47B0-A66B-2C681D29253C}.Debug|Any CPU.Build.0 = Debug|Any CPU
		{DC7E8251-4A37-47B0-A66B-2C681D29253C}.Release|Any CPU.ActiveCfg = Release|Any CPU
		{DC7E8251-4A37-47B0-A66B-2C681D29253C}.Release|Any CPU.Build.0 = Release|Any CPU
		{E3440C89-78E7-4E3C-93CC-86B2168AACBA}.Debug|Any CPU.ActiveCfg = Debug|Any CPU
		{E3440C89-78E7-4E3C-93CC-86B2168AACBA}.Debug|Any CPU.Build.0 = Debug|Any CPU
		{E3440C89-78E7-4E3C-93CC-86B2168AACBA}.Release|Any CPU.ActiveCfg = Release|Any CPU
		{E3440C89-78E7-4E3C-93CC-86B2168AACBA}.Release|Any CPU.Build.0 = Release|Any CPU
	EndGlobalSection
	GlobalSection(SolutionProperties) = preSolution
		HideSolutionNode = FALSE
	EndGlobalSection
	GlobalSection(NestedProjects) = preSolution
		{9508E7AF-81AA-4BC9-8139-4C6E43D3DD2A} = {E5E62621-E965-4AC0-9DCA-748547164788}
		{365F4D17-FDE0-4A93-B055-788A1553686C} = {E5E62621-E965-4AC0-9DCA-748547164788}
		{2F963695-C324-40CC-A94D-345B7EF11A7B} = {E5E62621-E965-4AC0-9DCA-748547164788}
		{F4ED434D-B19F-4D26-87AD-1F85EAEE2DD3} = {E5E62621-E965-4AC0-9DCA-748547164788}
		{DC7E8251-4A37-47B0-A66B-2C681D29253C} = {F9CAB160-136C-4836-B41A-C3FE823137AF}
		{E3440C89-78E7-4E3C-93CC-86B2168AACBA} = {F9CAB160-136C-4836-B41A-C3FE823137AF}
	EndGlobalSection
	GlobalSection(ExtensibilityGlobals) = postSolution
		SolutionGuid = {D2FF9DCB-E19A-4C82-B0E6-2F718B8E0223}
	EndGlobalSection
EndGlobal
